// !$*UTF8*$!
{
	archiveVersion = 1;
	classes = {
	};
	objectVersion = 46;
	objects = {

/* Begin PBXBuildFile section */
		C00130C31CC2C67C0089EEFA /* AppDelegate.swift in Sources */ = {isa = PBXBuildFile; fileRef = C00130C21CC2C67C0089EEFA /* AppDelegate.swift */; };
		C00130CA1CC2C67C0089EEFA /* Assets.xcassets in Resources */ = {isa = PBXBuildFile; fileRef = C00130C91CC2C67C0089EEFA /* Assets.xcassets */; };
/* End PBXBuildFile section */

/* Begin PBXFileReference section */
		C00130BF1CC2C67C0089EEFA /* AppLovinHack.app */ = {isa = PBXFileReference; explicitFileType = wrapper.application; includeInIndex = 0; path = AppLovinHack.app; sourceTree = BUILT_PRODUCTS_DIR; };
		C00130C21CC2C67C0089EEFA /* AppDelegate.swift */ = {isa = PBXFileReference; lastKnownFileType = sourcecode.swift; path = AppDelegate.swift; sourceTree = "<group>"; };
		C00130C91CC2C67C0089EEFA /* Assets.xcassets */ = {isa = PBXFileReference; lastKnownFileType = folder.assetcatalog; path = Assets.xcassets; sourceTree = "<group>"; };
		C00130CB1CC2C67C0089EEFA /* Info.plist */ = {isa = PBXFileReference; lastKnownFileType = text.plist.xml; path = Info.plist; sourceTree = "<group>"; };
/* End PBXFileReference section */

/* Begin PBXFrameworksBuildPhase section */
		C00130BC1CC2C67C0089EEFA /* Frameworks */ = {
			isa = PBXFrameworksBuildPhase;
			buildActionMask = 2147483647;
			files = (
			);
			runOnlyForDeploymentPostprocessing = 0;
		};
/* End PBXFrameworksBuildPhase section */

/* Begin PBXGroup section */
		C00130B61CC2C67C0089EEFA = {
			isa = PBXGroup;
			children = (
				C00130C11CC2C67C0089EEFA /* AppLovinHack */,
				C00130C01CC2C67C0089EEFA /* Products */,
			);
			sourceTree = "<group>";
		};
		C00130C01CC2C67C0089EEFA /* Products */ = {
			isa = PBXGroup;
			children = (
				C00130BF1CC2C67C0089EEFA /* AppLovinHack.app */,
			);
			name = Products;
			sourceTree = "<group>";
		};
		C00130C11CC2C67C0089EEFA /* AppLovinHack */ = {
			isa = PBXGroup;
			children = (
				C00130C21CC2C67C0089EEFA /* AppDelegate.swift */,
				C00130C91CC2C67C0089EEFA /* Assets.xcassets */,
				C00130CB1CC2C67C0089EEFA /* Info.plist */,
			);
			path = AppLovinHack;
			sourceTree = "<group>";
		};
/* End PBXGroup section */

/* Begin PBXNativeTarget section */
		C00130BE1CC2C67C0089EEFA /* AppLovinHack */ = {
			isa = PBXNativeTarget;
			buildConfigurationList = C00130CE1CC2C67C0089EEFA /* Build configuration list for PBXNativeTarget "AppLovinHack" */;
			buildPhases = (
				C00130BB1CC2C67C0089EEFA /* Sources */,
				C00130BC1CC2C67C0089EEFA /* Frameworks */,
				C00130BD1CC2C67C0089EEFA /* Resources */,
			);
			buildRules = (
			);
			dependencies = (
			);
			name = AppLovinHack;
			productName = AppLovinHack;
			productReference = C00130BF1CC2C67C0089EEFA /* AppLovinHack.app */;
			productType = "com.apple.product-type.application";
		};
/* End PBXNativeTarget section */

/* Begin PBXProject section */
		C00130B71CC2C67C0089EEFA /* Project object */ = {
			isa = PBXProject;
			attributes = {
				LastSwiftUpdateCheck = 0730;
				LastUpgradeCheck = 0730;
				ORGANIZATIONNAME = "Ahmed Modan";
				TargetAttributes = {
					C00130BE1CC2C67C0089EEFA = {
						CreatedOnToolsVersion = 7.3;
					};
				};
			};
			buildConfigurationList = C00130BA1CC2C67C0089EEFA /* Build configuration list for PBXProject "AppLovinHack" */;
			compatibilityVersion = "Xcode 3.2";
			developmentRegion = English;
			hasScannedForEncodings = 0;
			knownRegions = (
				en,
				Base,
			);
			mainGroup = C00130B61CC2C67C0089EEFA;
			productRefGroup = C00130C01CC2C67C0089EEFA /* Products */;
			projectDirPath = "";
			projectRoot = "";
			targets = (
				C00130BE1CC2C67C0089EEFA /* AppLovinHack */,
			);
		};
/* End PBXProject section */

/* Begin PBXResourcesBuildPhase section */
		C00130BD1CC2C67C0089EEFA /* Resources */ = {
			isa = PBXResourcesBuildPhase;
			buildActionMask = 2147483647;
			files = (
				C00130CA1CC2C67C0089EEFA /* Assets.xcassets in Resources */,
			);
			runOnlyForDeploymentPostprocessing = 0;
		};
/* End PBXResourcesBuildPhase section */

/* Begin PBXSourcesBuildPhase section */
		C00130BB1CC2C67C0089EEFA /* Sources */ = {
			isa = PBXSourcesBuildPhase;
			buildActionMask = 2147483647;
			files = (
				C00130C31CC2C67C0089EEFA /* AppDelegate.swift in Sources */,
			);
			runOnlyForDeploymentPostprocessing = 0;
		};
/* End PBXSourcesBuildPhase section */

/* Begin XCBuildConfiguration section */
		C00130CC1CC2C67C0089EEFA /* Debug */ = {
			isa = XCBuildConfiguration;
			buildSettings = {
				ALWAYS_SEARCH_USER_PATHS = NO;
				CLANG_ANALYZER_NONNULL = YES;
				CLANG_CXX_LANGUAGE_STANDARD = "gnu++0x";
				CLANG_CXX_LIBRARY = "libc++";
				CLANG_ENABLE_MODULES = YES;
				CLANG_ENABLE_OBJC_ARC = YES;
				CLANG_WARN_BOOL_CONVERSION = YES;
				CLANG_WARN_CONSTANT_CONVERSION = YES;
				CLANG_WARN_DIRECT_OBJC_ISA_USAGE = YES_ERROR;
				CLANG_WARN_EMPTY_BODY = YES;
				CLANG_WARN_ENUM_CONVERSION = YES;
				CLANG_WARN_INT_CONVERSION = YES;
				CLANG_WARN_OBJC_ROOT_CLASS = YES_ERROR;
				CLANG_WARN_UNREACHABLE_CODE = YES;
				CLANG_WARN__DUPLICATE_METHOD_MATCH = YES;
				COPY_PHASE_STRIP = NO;
				DEBUG_INFORMATION_FORMAT = dwarf;
				ENABLE_STRICT_OBJC_MSGSEND = YES;
				ENABLE_TESTABILITY = YES;
				GCC_C_LANGUAGE_STANDARD = gnu99;
				GCC_DYNAMIC_NO_PIC = NO;
				GCC_NO_COMMON_BLOCKS = YES;
				GCC_OPTIMIZATION_LEVEL = 0;
				GCC_PREPROCESSOR_DEFINITIONS = (
					"DEBUG=1",
					"$(inherited)",
				);
				GCC_WARN_64_TO_32_BIT_CONVERSION = YES;
				GCC_WARN_ABOUT_RETURN_TYPE = YES_ERROR;
				GCC_WARN_UNDECLARED_SELECTOR = YES;
				GCC_WARN_UNINITIALIZED_AUTOS = YES_AGGRESSIVE;
				GCC_WARN_UNUSED_FUNCTION = YES;
				GCC_WARN_UNUSED_VARIABLE = YES;
				MTL_ENABLE_DEBUG_INFO = YES;
				ONLY_ACTIVE_ARCH = YES;
				SDKROOT = appletvos;
				SWIFT_OPTIMIZATION_LEVEL = "-Onone";
				TARGETED_DEVICE_FAMILY = 3;
				TVOS_DEPLOYMENT_TARGET = 9.2;
			};
			name = Debug;
		};
		C00130CD1CC2C67C0089EEFA /* Release */ = {
			isa = XCBuildConfiguration;
			buildSettings = {
				ALWAYS_SEARCH_USER_PATHS = NO;
				CLANG_ANALYZER_NONNULL = YES;
				CLANG_CXX_LANGUAGE_STANDARD = "gnu++0x";
				CLANG_CXX_LIBRARY = "libc++";
				CLANG_ENABLE_MODULES = YES;
				CLANG_ENABLE_OBJC_ARC = YES;
				CLANG_WARN_BOOL_CONVERSION = YES;
				CLANG_WARN_CONSTANT_CONVERSION = YES;
				CLANG_WARN_DIRECT_OBJC_ISA_USAGE = YES_ERROR;
				CLANG_WARN_EMPTY_BODY = YES;
				CLANG_WARN_ENUM_CONVERSION = YES;
				CLANG_WARN_INT_CONVERSION = YES;
				CLANG_WARN_OBJC_ROOT_CLASS = YES_ERROR;
				CLANG_WARN_UNREACHABLE_CODE = YES;
				CLANG_WARN__DUPLICATE_METHOD_MATCH = YES;
				COPY_PHASE_STRIP = NO;
				DEBUG_INFORMATION_FORMAT = "dwarf-with-dsym";
				ENABLE_NS_ASSERTIONS = NO;
				ENABLE_STRICT_OBJC_MSGSEND = YES;
				GCC_C_LANGUAGE_STANDARD = gnu99;
				GCC_NO_COMMON_BLOCKS = YES;
				GCC_WARN_64_TO_32_BIT_CONVERSION = YES;
				GCC_WARN_ABOUT_RETURN_TYPE = YES_ERROR;
				GCC_WARN_UNDECLARED_SELECTOR = YES;
				GCC_WARN_UNINITIALIZED_AUTOS = YES_AGGRESSIVE;
				GCC_WARN_UNUSED_FUNCTION = YES;
				GCC_WARN_UNUSED_VARIABLE = YES;
				MTL_ENABLE_DEBUG_INFO = NO;
				SDKROOT = appletvos;
				TARGETED_DEVICE_FAMILY = 3;
				TVOS_DEPLOYMENT_TARGET = 9.2;
				VALIDATE_PRODUCT = YES;
			};
			name = Release;
		};
		C00130CF1CC2C67C0089EEFA /* Debug */ = {
			isa = XCBuildConfiguration;
			buildSettings = {
				ASSETCATALOG_COMPILER_APPICON_NAME = "App Icon & Top Shelf Image";
				ASSETCATALOG_COMPILER_LAUNCHIMAGE_NAME = LaunchImage;
				INFOPLIST_FILE = AppLovinHack/Info.plist;
				LD_RUNPATH_SEARCH_PATHS = "$(inherited) @executable_path/Frameworks";
				PRODUCT_BUNDLE_IDENTIFIER = com.AppLovinHack;
				PRODUCT_NAME = "$(TARGET_NAME)";
			};
			name = Debug;
		};
		C00130D01CC2C67C0089EEFA /* Release */ = {
			isa = XCBuildConfiguration;
			buildSettings = {
				ASSETCATALOG_COMPILER_APPICON_NAME = "App Icon & Top Shelf Image";
				ASSETCATALOG_COMPILER_LAUNCHIMAGE_NAME = LaunchImage;
				INFOPLIST_FILE = AppLovinHack/Info.plist;
				LD_RUNPATH_SEARCH_PATHS = "$(inherited) @executable_path/Frameworks";
				PRODUCT_BUNDLE_IDENTIFIER = com.AppLovinHack;
				PRODUCT_NAME = "$(TARGET_NAME)";
			};
			name = Release;
		};
/* End XCBuildConfiguration section */

/* Begin XCConfigurationList section */
		C00130BA1CC2C67C0089EEFA /* Build configuration list for PBXProject "AppLovinHack" */ = {
			isa = XCConfigurationList;
			buildConfigurations = (
				C00130CC1CC2C67C0089EEFA /* Debug */,
				C00130CD1CC2C67C0089EEFA /* Release */,
			);
			defaultConfigurationIsVisible = 0;
			defaultConfigurationName = Release;
		};
		C00130CE1CC2C67C0089EEFA /* Build configuration list for PBXNativeTarget "AppLovinHack" */ = {
			isa = XCConfigurationList;
			buildConfigurations = (
				C00130CF1CC2C67C0089EEFA /* Debug */,
				C00130D01CC2C67C0089EEFA /* Release */,
			);
			defaultConfigurationIsVisible = 0;
		};
/* End XCConfigurationList section */
	};
	rootObject = C00130B71CC2C67C0089EEFA /* Project object */;
}
